<?xml version="1.0" encoding="utf-8"?>
<Project ToolsVersion="4.0" xmlns="http://schemas.microsoft.com/developer/msbuild/2003">
  <ItemGroup>
    <Filter Include="ソース ファイル">
      <UniqueIdentifier>{4FC737F1-C7A5-4376-A066-2A32D752A2FF}</UniqueIdentifier>
      <Extensions>cpp;c;cc;cxx;def;odl;idl;hpj;bat;asm;asmx</Extensions>
    </Filter>
    <Filter Include="ヘッダー ファイル">
      <UniqueIdentifier>{93995380-89BD-4b04-88EB-625FBE52EBFB}</UniqueIdentifier>
      <Extensions>h;hh;hpp;hxx;hm;inl;inc;xsd</Extensions>
    </Filter>
    <Filter Include="リソース ファイル">
      <UniqueIdentifier>{67DA6AB6-F800-4c08-8B7A-83BB121AAD01}</UniqueIdentifier>
      <Extensions>rc;ico;cur;bmp;dlg;rc2;rct;bin;rgs;gif;jpg;jpeg;jpe;resx;tiff;tif;png;wav;mfcribbon-ms</Extensions>
    </Filter>
    <Filter Include="ヘッダー ファイル\IBodyKinectSensor">
      <UniqueIdentifier>{ee5dd4e8-7e53-4caf-9fe5-5f48e2cab7fb}</UniqueIdentifier>
    </Filter>
    <Filter Include="ソース ファイル\IBodyKinectSensor">
      <UniqueIdentifier>{cee1cd75-7834-4e87-93e1-2656297f396f}</UniqueIdentifier>
    </Filter>
  </ItemGroup>
  <ItemGroup>
    <ClCompile Include="main.cpp">
      <Filter>ソース ファイル</Filter>
    </ClCompile>
    <ClCompile Include="input.cpp">
      <Filter>ソース ファイル</Filter>
    </ClCompile>
    <ClCompile Include="ToolsLib.cpp">
      <Filter>ソース ファイル</Filter>
    </ClCompile>
    <ClCompile Include="KinectTools.cpp">
      <Filter>ソース ファイル</Filter>
    </ClCompile>
    <ClCompile Include="BodySimulator.cpp">
      <Filter>ソース ファイル</Filter>
    </ClCompile>
    <ClCompile Include="DepthKinectSensor.cpp">
      <Filter>ソース ファイル</Filter>
    </ClCompile>
    <ClCompile Include="GraphDataBuilder.cpp">
      <Filter>ソース ファイル</Filter>
    </ClCompile>
    <ClCompile Include="BodyKinectSensor.cpp">
      <Filter>ソース ファイル\IBodyKinectSensor</Filter>
    </ClCompile>
    <ClCompile Include="IBodyKinectSensor.cpp">
      <Filter>ソース ファイル\IBodyKinectSensor</Filter>
    </ClCompile>
    <ClCompile Include="BodyVirtualKinectSensor.cpp">
      <Filter>ソース ファイル\IBodyKinectSensor</Filter>
    </ClCompile>
  </ItemGroup>
  <ItemGroup>
    <ClInclude Include="input.h">
      <Filter>ヘッダー ファイル</Filter>
    </ClInclude>
    <ClInclude Include="ToolsLib.h">
      <Filter>ヘッダー ファイル</Filter>
    </ClInclude>
    <ClInclude Include="KinectTools.h">
      <Filter>ヘッダー ファイル</Filter>
    </ClInclude>
    <ClInclude Include="BodySimulator.h">
      <Filter>ヘッダー ファイル</Filter>
    </ClInclude>
    <ClInclude Include="DepthKinectSensor.h">
      <Filter>ヘッダー ファイル</Filter>
    </ClInclude>
    <ClInclude Include="GraphDataBuilder.h">
      <Filter>ヘッダー ファイル</Filter>
    </ClInclude>
    <ClInclude Include="BodyKinectSensor.h">
      <Filter>ヘッダー ファイル\IBodyKinectSensor</Filter>
    </ClInclude>
    <ClInclude Include="IBodyKinectSensor.h">
      <Filter>ヘッダー ファイル\IBodyKinectSensor</Filter>
    </ClInclude>
    <ClInclude Include="BodyVirtualKinectSensor.h">
      <Filter>ヘッダー ファイル\IBodyKinectSensor</Filter>
    </ClInclude>
  </ItemGroup>
</Project>